
Microsoft Visual Studio Solution File, Format Version 12.00
# Visual Studio 15
VisualStudioVersion = 15.0.27703.2047
MinimumVisualStudioVersion = 10.0.40219.1
Project("{FAE04EC0-301F-11D3-BF4B-00C04F79EFBC}") = "HarteganBioApp.Android", "HarteganBioApp\HarteganBioApp.Android\HarteganBioApp.Android.csproj", "{33D2A18D-672B-4FD4-89BE-F8BF89196DAF}"
EndProject
Project("{FAE04EC0-301F-11D3-BF4B-00C04F79EFBC}") = "HarteganBioApp.iOS", "HarteganBioApp\HarteganBioApp.iOS\HarteganBioApp.iOS.csproj", "{C3CD4C57-0312-4E99-A961-7C67B3F78B41}"
EndProject
Project("{FAE04EC0-301F-11D3-BF4B-00C04F79EFBC}") = "HarteganBioApp.UWP", "HarteganBioApp\HarteganBioApp.UWP\HarteganBioApp.UWP.csproj", "{44CE751E-8BD0-4C74-9CEF-B06E11DD7B5D}"
EndProject
Project("{FAE04EC0-301F-11D3-BF4B-00C04F79EFBC}") = "HarteganBioApp", "HarteganBioApp\HarteganBioApp\HarteganBioApp.csproj", "{E858F093-7AEC-4791-BEC3-F1DC79027F06}"
EndProject
Global
	GlobalSection(SolutionConfigurationPlatforms) = preSolution
		Ad-Hoc|Any CPU = Ad-Hoc|Any CPU
		Ad-Hoc|ARM = Ad-Hoc|ARM
		Ad-Hoc|iPhone = Ad-Hoc|iPhone
		Ad-Hoc|iPhoneSimulator = Ad-Hoc|iPhoneSimulator
		Ad-Hoc|x64 = Ad-Hoc|x64
		Ad-Hoc|x86 = Ad-Hoc|x86
		AppStore|Any CPU = AppStore|Any CPU
		AppStore|ARM = AppStore|ARM
		AppStore|iPhone = AppStore|iPhone
		AppStore|iPhoneSimulator = AppStore|iPhoneSimulator
		AppStore|x64 = AppStore|x64
		AppStore|x86 = AppStore|x86
		Debug|Any CPU = Debug|Any CPU
		Debug|ARM = Debug|ARM
		Debug|iPhone = Debug|iPhone
		Debug|iPhoneSimulator = Debug|iPhoneSimulator
		Debug|x64 = Debug|x64
		Debug|x86 = Debug|x86
		Release|Any CPU = Release|Any CPU
		Release|ARM = Release|ARM
		Release|iPhone = Release|iPhone
		Release|iPhoneSimulator = Release|iPhoneSimulator
		Release|x64 = Release|x64
		Release|x86 = Release|x86
	EndGlobalSection
	GlobalSection(ProjectConfigurationPlatforms) = postSolution
		{33D2A18D-672B-4FD4-89BE-F8BF89196DAF}.Ad-Hoc|Any CPU.ActiveCfg = Release|Any CPU
		{33D2A18D-672B-4FD4-89BE-F8BF89196DAF}.Ad-Hoc|Any CPU.Build.0 = Release|Any CPU
		{33D2A18D-672B-4FD4-89BE-F8BF89196DAF}.Ad-Hoc|Any CPU.Deploy.0 = Release|Any CPU
		{33D2A18D-672B-4FD4-89BE-F8BF89196DAF}.Ad-Hoc|ARM.ActiveCfg = Release|Any CPU
		{33D2A18D-672B-4FD4-89BE-F8BF89196DAF}.Ad-Hoc|ARM.Build.0 = Release|Any CPU
		{33D2A18D-672B-4FD4-89BE-F8BF89196DAF}.Ad-Hoc|ARM.Deploy.0 = Release|Any CPU
		{33D2A18D-672B-4FD4-89BE-F8BF89196DAF}.Ad-Hoc|iPhone.ActiveCfg = Release|Any CPU
		{33D2A18D-672B-4FD4-89BE-F8BF89196DAF}.Ad-Hoc|iPhone.Build.0 = Release|Any CPU
		{33D2A18D-672B-4FD4-89BE-F8BF89196DAF}.Ad-Hoc|iPhone.Deploy.0 = Release|Any CPU
		{33D2A18D-672B-4FD4-89BE-F8BF89196DAF}.Ad-Hoc|iPhoneSimulator.ActiveCfg = Release|Any CPU
		{33D2A18D-672B-4FD4-89BE-F8BF89196DAF}.Ad-Hoc|iPhoneSimulator.Build.0 = Release|Any CPU
		{33D2A18D-672B-4FD4-89BE-F8BF89196DAF}.Ad-Hoc|iPhoneSimulator.Deploy.0 = Release|Any CPU
		{33D2A18D-672B-4FD4-89BE-F8BF89196DAF}.Ad-Hoc|x64.ActiveCfg = Release|Any CPU
		{33D2A18D-672B-4FD4-89BE-F8BF89196DAF}.Ad-Hoc|x64.Build.0 = Release|Any CPU
		{33D2A18D-672B-4FD4-89BE-F8BF89196DAF}.Ad-Hoc|x64.Deploy.0 = Release|Any CPU
		{33D2A18D-672B-4FD4-89BE-F8BF89196DAF}.Ad-Hoc|x86.ActiveCfg = Release|Any CPU
		{33D2A18D-672B-4FD4-89BE-F8BF89196DAF}.Ad-Hoc|x86.Build.0 = Release|Any CPU
		{33D2A18D-672B-4FD4-89BE-F8BF89196DAF}.Ad-Hoc|x86.Deploy.0 = Release|Any CPU
		{33D2A18D-672B-4FD4-89BE-F8BF89196DAF}.AppStore|Any CPU.ActiveCfg = Release|Any CPU
		{33D2A18D-672B-4FD4-89BE-F8BF89196DAF}.AppStore|Any CPU.Build.0 = Release|Any CPU
		{33D2A18D-672B-4FD4-89BE-F8BF89196DAF}.AppStore|Any CPU.Deploy.0 = Release|Any CPU
		{33D2A18D-672B-4FD4-89BE-F8BF89196DAF}.AppStore|ARM.ActiveCfg = Release|Any CPU
		{33D2A18D-672B-4FD4-89BE-F8BF89196DAF}.AppStore|ARM.Build.0 = Release|Any CPU
		{33D2A18D-672B-4FD4-89BE-F8BF89196DAF}.AppStore|ARM.Deploy.0 = Release|Any CPU
		{33D2A18D-672B-4FD4-89BE-F8BF89196DAF}.AppStore|iPhone.ActiveCfg = Release|Any CPU
		{33D2A18D-672B-4FD4-89BE-F8BF89196DAF}.AppStore|iPhone.Build.0 = Release|Any CPU
		{33D2A18D-672B-4FD4-89BE-F8BF89196DAF}.AppStore|iPhone.Deploy.0 = Release|Any CPU
		{33D2A18D-672B-4FD4-89BE-F8BF89196DAF}.AppStore|iPhoneSimulator.ActiveCfg = Release|Any CPU
		{33D2A18D-672B-4FD4-89BE-F8BF89196DAF}.AppStore|iPhoneSimulator.Build.0 = Release|Any CPU
		{33D2A18D-672B-4FD4-89BE-F8BF89196DAF}.AppStore|iPhoneSimulator.Deploy.0 = Release|Any CPU
		{33D2A18D-672B-4FD4-89BE-F8BF89196DAF}.AppStore|x64.ActiveCfg = Release|Any CPU
		{33D2A18D-672B-4FD4-89BE-F8BF89196DAF}.AppStore|x64.Build.0 = Release|Any CPU
		{33D2A18D-672B-4FD4-89BE-F8BF89196DAF}.AppStore|x64.Deploy.0 = Release|Any CPU
		{33D2A18D-672B-4FD4-89BE-F8BF89196DAF}.AppStore|x86.ActiveCfg = Release|Any CPU
		{33D2A18D-672B-4FD4-89BE-F8BF89196DAF}.AppStore|x86.Build.0 = Release|Any CPU
		{33D2A18D-672B-4FD4-89BE-F8BF89196DAF}.AppStore|x86.Deploy.0 = Release|Any CPU
		{33D2A18D-672B-4FD4-89BE-F8BF89196DAF}.Debug|Any CPU.ActiveCfg = Debug|Any CPU
		{33D2A18D-672B-4FD4-89BE-F8BF89196DAF}.Debug|Any CPU.Build.0 = Debug|Any CPU
		{33D2A18D-672B-4FD4-89BE-F8BF89196DAF}.Debug|Any CPU.Deploy.0 = Debug|Any CPU
		{33D2A18D-672B-4FD4-89BE-F8BF89196DAF}.Debug|ARM.ActiveCfg = Debug|Any CPU
		{33D2A18D-672B-4FD4-89BE-F8BF89196DAF}.Debug|ARM.Build.0 = Debug|Any CPU
		{33D2A18D-672B-4FD4-89BE-F8BF89196DAF}.Debug|ARM.Deploy.0 = Debug|Any CPU
		{33D2A18D-672B-4FD4-89BE-F8BF89196DAF}.Debug|iPhone.ActiveCfg = Debug|Any CPU
		{33D2A18D-672B-4FD4-89BE-F8BF89196DAF}.Debug|iPhone.Build.0 = Debug|Any CPU
		{33D2A18D-672B-4FD4-89BE-F8BF89196DAF}.Debug|iPhone.Deploy.0 = Debug|Any CPU
		{33D2A18D-672B-4FD4-89BE-F8BF89196DAF}.Debug|iPhoneSimulator.ActiveCfg = Debug|Any CPU
		{33D2A18D-672B-4FD4-89BE-F8BF89196DAF}.Debug|iPhoneSimulator.Build.0 = Debug|Any CPU
		{33D2A18D-672B-4FD4-89BE-F8BF89196DAF}.Debug|iPhoneSimulator.Deploy.0 = Debug|Any CPU
		{33D2A18D-672B-4FD4-89BE-F8BF89196DAF}.Debug|x64.ActiveCfg = Debug|Any CPU
		{33D2A18D-672B-4FD4-89BE-F8BF89196DAF}.Debug|x64.Build.0 = Debug|Any CPU
		{33D2A18D-672B-4FD4-89BE-F8BF89196DAF}.Debug|x64.Deploy.0 = Debug|Any CPU
		{33D2A18D-672B-4FD4-89BE-F8BF89196DAF}.Debug|x86.ActiveCfg = Debug|Any CPU
		{33D2A18D-672B-4FD4-89BE-F8BF89196DAF}.Debug|x86.Build.0 = Debug|Any CPU
		{33D2A18D-672B-4FD4-89BE-F8BF89196DAF}.Debug|x86.Deploy.0 = Debug|Any CPU
		{33D2A18D-672B-4FD4-89BE-F8BF89196DAF}.Release|Any CPU.ActiveCfg = Release|Any CPU
		{33D2A18D-672B-4FD4-89BE-F8BF89196DAF}.Release|Any CPU.Build.0 = Release|Any CPU
		{33D2A18D-672B-4FD4-89BE-F8BF89196DAF}.Release|Any CPU.Deploy.0 = Release|Any CPU
		{33D2A18D-672B-4FD4-89BE-F8BF89196DAF}.Release|ARM.ActiveCfg = Release|Any CPU
		{33D2A18D-672B-4FD4-89BE-F8BF89196DAF}.Release|ARM.Build.0 = Release|Any CPU
		{33D2A18D-672B-4FD4-89BE-F8BF89196DAF}.Release|ARM.Deploy.0 = Release|Any CPU
		{33D2A18D-672B-4FD4-89BE-F8BF89196DAF}.Release|iPhone.ActiveCfg = Release|Any CPU
		{33D2A18D-672B-4FD4-89BE-F8BF89196DAF}.Release|iPhone.Build.0 = Release|Any CPU
		{33D2A18D-672B-4FD4-89BE-F8BF89196DAF}.Release|iPhone.Deploy.0 = Release|Any CPU
		{33D2A18D-672B-4FD4-89BE-F8BF89196DAF}.Release|iPhoneSimulator.ActiveCfg = Release|Any CPU
		{33D2A18D-672B-4FD4-89BE-F8BF89196DAF}.Release|iPhoneSimulator.Build.0 = Release|Any CPU
		{33D2A18D-672B-4FD4-89BE-F8BF89196DAF}.Release|iPhoneSimulator.Deploy.0 = Release|Any CPU
		{33D2A18D-672B-4FD4-89BE-F8BF89196DAF}.Release|x64.ActiveCfg = Release|Any CPU
		{33D2A18D-672B-4FD4-89BE-F8BF89196DAF}.Release|x64.Build.0 = Release|Any CPU
		{33D2A18D-672B-4FD4-89BE-F8BF89196DAF}.Release|x64.Deploy.0 = Release|Any CPU
		{33D2A18D-672B-4FD4-89BE-F8BF89196DAF}.Release|x86.ActiveCfg = Release|Any CPU
		{33D2A18D-672B-4FD4-89BE-F8BF89196DAF}.Release|x86.Build.0 = Release|Any CPU
		{33D2A18D-672B-4FD4-89BE-F8BF89196DAF}.Release|x86.Deploy.0 = Release|Any CPU
		{C3CD4C57-0312-4E99-A961-7C67B3F78B41}.Ad-Hoc|Any CPU.ActiveCfg = Ad-Hoc|iPhone
		{C3CD4C57-0312-4E99-A961-7C67B3F78B41}.Ad-Hoc|Any CPU.Build.0 = Ad-Hoc|iPhone
		{C3CD4C57-0312-4E99-A961-7C67B3F78B41}.Ad-Hoc|Any CPU.Deploy.0 = Ad-Hoc|iPhone
		{C3CD4C57-0312-4E99-A961-7C67B3F78B41}.Ad-Hoc|ARM.ActiveCfg = Ad-Hoc|iPhone
		{C3CD4C57-0312-4E99-A961-7C67B3F78B41}.Ad-Hoc|ARM.Build.0 = Ad-Hoc|iPhone
		{C3CD4C57-0312-4E99-A961-7C67B3F78B41}.Ad-Hoc|ARM.Deploy.0 = Ad-Hoc|iPhone
		{C3CD4C57-0312-4E99-A961-7C67B3F78B41}.Ad-Hoc|iPhone.ActiveCfg = Ad-Hoc|iPhone
		{C3CD4C57-0312-4E99-A961-7C67B3F78B41}.Ad-Hoc|iPhone.Build.0 = Ad-Hoc|iPhone
		{C3CD4C57-0312-4E99-A961-7C67B3F78B41}.Ad-Hoc|iPhone.Deploy.0 = Ad-Hoc|iPhone
		{C3CD4C57-0312-4E99-A961-7C67B3F78B41}.Ad-Hoc|iPhoneSimulator.ActiveCfg = Ad-Hoc|iPhoneSimulator
		{C3CD4C57-0312-4E99-A961-7C67B3F78B41}.Ad-Hoc|iPhoneSimulator.Build.0 = Ad-Hoc|iPhoneSimulator
		{C3CD4C57-0312-4E99-A961-7C67B3F78B41}.Ad-Hoc|iPhoneSimulator.Deploy.0 = Ad-Hoc|iPhoneSimulator
		{C3CD4C57-0312-4E99-A961-7C67B3F78B41}.Ad-Hoc|x64.ActiveCfg = Ad-Hoc|iPhone
		{C3CD4C57-0312-4E99-A961-7C67B3F78B41}.Ad-Hoc|x64.Build.0 = Ad-Hoc|iPhone
		{C3CD4C57-0312-4E99-A961-7C67B3F78B41}.Ad-Hoc|x64.Deploy.0 = Ad-Hoc|iPhone
		{C3CD4C57-0312-4E99-A961-7C67B3F78B41}.Ad-Hoc|x86.ActiveCfg = Ad-Hoc|iPhone
		{C3CD4C57-0312-4E99-A961-7C67B3F78B41}.Ad-Hoc|x86.Build.0 = Ad-Hoc|iPhone
		{C3CD4C57-0312-4E99-A961-7C67B3F78B41}.Ad-Hoc|x86.Deploy.0 = Ad-Hoc|iPhone
		{C3CD4C57-0312-4E99-A961-7C67B3F78B41}.AppStore|Any CPU.ActiveCfg = AppStore|iPhone
		{C3CD4C57-0312-4E99-A961-7C67B3F78B41}.AppStore|Any CPU.Build.0 = AppStore|iPhone
		{C3CD4C57-0312-4E99-A961-7C67B3F78B41}.AppStore|Any CPU.Deploy.0 = AppStore|iPhone
		{C3CD4C57-0312-4E99-A961-7C67B3F78B41}.AppStore|ARM.ActiveCfg = AppStore|iPhone
		{C3CD4C57-0312-4E99-A961-7C67B3F78B41}.AppStore|ARM.Build.0 = AppStore|iPhone
		{C3CD4C57-0312-4E99-A961-7C67B3F78B41}.AppStore|ARM.Deploy.0 = AppStore|iPhone
		{C3CD4C57-0312-4E99-A961-7C67B3F78B41}.AppStore|iPhone.ActiveCfg = AppStore|iPhone
		{C3CD4C57-0312-4E99-A961-7C67B3F78B41}.AppStore|iPhone.Build.0 = AppStore|iPhone
		{C3CD4C57-0312-4E99-A961-7C67B3F78B41}.AppStore|iPhone.Deploy.0 = AppStore|iPhone
		{C3CD4C57-0312-4E99-A961-7C67B3F78B41}.AppStore|iPhoneSimulator.ActiveCfg = AppStore|iPhoneSimulator
		{C3CD4C57-0312-4E99-A961-7C67B3F78B41}.AppStore|iPhoneSimulator.Build.0 = AppStore|iPhoneSimulator
		{C3CD4C57-0312-4E99-A961-7C67B3F78B41}.AppStore|iPhoneSimulator.Deploy.0 = AppStore|iPhoneSimulator
		{C3CD4C57-0312-4E99-A961-7C67B3F78B41}.AppStore|x64.ActiveCfg = AppStore|iPhone
		{C3CD4C57-0312-4E99-A961-7C67B3F78B41}.AppStore|x64.Build.0 = AppStore|iPhone
		{C3CD4C57-0312-4E99-A961-7C67B3F78B41}.AppStore|x64.Deploy.0 = AppStore|iPhone
		{C3CD4C57-0312-4E99-A961-7C67B3F78B41}.AppStore|x86.ActiveCfg = AppStore|iPhone
		{C3CD4C57-0312-4E99-A961-7C67B3F78B41}.AppStore|x86.Build.0 = AppStore|iPhone
		{C3CD4C57-0312-4E99-A961-7C67B3F78B41}.AppStore|x86.Deploy.0 = AppStore|iPhone
		{C3CD4C57-0312-4E99-A961-7C67B3F78B41}.Debug|Any CPU.ActiveCfg = Debug|iPhoneSimulator
		{C3CD4C57-0312-4E99-A961-7C67B3F78B41}.Debug|Any CPU.Build.0 = Debug|iPhoneSimulator
		{C3CD4C57-0312-4E99-A961-7C67B3F78B41}.Debug|Any CPU.Deploy.0 = Debug|iPhoneSimulator
		{C3CD4C57-0312-4E99-A961-7C67B3F78B41}.Debug|ARM.ActiveCfg = Debug|iPhone
		{C3CD4C57-0312-4E99-A961-7C67B3F78B41}.Debug|ARM.Build.0 = Debug|iPhone
		{C3CD4C57-0312-4E99-A961-7C67B3F78B41}.Debug|ARM.Deploy.0 = Debug|iPhone
		{C3CD4C57-0312-4E99-A961-7C67B3F78B41}.Debug|iPhone.ActiveCfg = Debug|iPhone
		{C3CD4C57-0312-4E99-A961-7C67B3F78B41}.Debug|iPhone.Build.0 = Debug|iPhone
		{C3CD4C57-0312-4E99-A961-7C67B3F78B41}.Debug|iPhone.Deploy.0 = Debug|iPhone
		{C3CD4C57-0312-4E99-A961-7C67B3F78B41}.Debug|iPhoneSimulator.ActiveCfg = Debug|iPhoneSimulator
		{C3CD4C57-0312-4E99-A961-7C67B3F78B41}.Debug|iPhoneSimulator.Build.0 = Debug|iPhoneSimulator
		{C3CD4C57-0312-4E99-A961-7C67B3F78B41}.Debug|iPhoneSimulator.Deploy.0 = Debug|iPhoneSimulator
		{C3CD4C57-0312-4E99-A961-7C67B3F78B41}.Debug|x64.ActiveCfg = Debug|iPhone
		{C3CD4C57-0312-4E99-A961-7C67B3F78B41}.Debug|x64.Build.0 = Debug|iPhone
		{C3CD4C57-0312-4E99-A961-7C67B3F78B41}.Debug|x64.Deploy.0 = Debug|iPhone
		{C3CD4C57-0312-4E99-A961-7C67B3F78B41}.Debug|x86.ActiveCfg = Debug|iPhone
		{C3CD4C57-0312-4E99-A961-7C67B3F78B41}.Debug|x86.Build.0 = Debug|iPhone
		{C3CD4C57-0312-4E99-A961-7C67B3F78B41}.Debug|x86.Deploy.0 = Debug|iPhone
		{C3CD4C57-0312-4E99-A961-7C67B3F78B41}.Release|Any CPU.ActiveCfg = Release|iPhone
		{C3CD4C57-0312-4E99-A961-7C67B3F78B41}.Release|Any CPU.Build.0 = Release|iPhone
		{C3CD4C57-0312-4E99-A961-7C67B3F78B41}.Release|Any CPU.Deploy.0 = Release|iPhone
		{C3CD4C57-0312-4E99-A961-7C67B3F78B41}.Release|ARM.ActiveCfg = Release|iPhone
		{C3CD4C57-0312-4E99-A961-7C67B3F78B41}.Release|ARM.Build.0 = Release|iPhone
		{C3CD4C57-0312-4E99-A961-7C67B3F78B41}.Release|ARM.Deploy.0 = Release|iPhone
		{C3CD4C57-0312-4E99-A961-7C67B3F78B41}.Release|iPhone.ActiveCfg = Release|iPhone
		{C3CD4C57-0312-4E99-A961-7C67B3F78B41}.Release|iPhone.Build.0 = Release|iPhone
		{C3CD4C57-0312-4E99-A961-7C67B3F78B41}.Release|iPhone.Deploy.0 = Release|iPhone
		{C3CD4C57-0312-4E99-A961-7C67B3F78B41}.Release|iPhoneSimulator.ActiveCfg = Release|iPhoneSimulator
		{C3CD4C57-0312-4E99-A961-7C67B3F78B41}.Release|iPhoneSimulator.Build.0 = Release|iPhoneSimulator
		{C3CD4C57-0312-4E99-A961-7C67B3F78B41}.Release|iPhoneSimulator.Deploy.0 = Release|iPhoneSimulator
		{C3CD4C57-0312-4E99-A961-7C67B3F78B41}.Release|x64.ActiveCfg = Release|iPhone
		{C3CD4C57-0312-4E99-A961-7C67B3F78B41}.Release|x64.Build.0 = Release|iPhone
		{C3CD4C57-0312-4E99-A961-7C67B3F78B41}.Release|x64.Deploy.0 = Release|iPhone
		{C3CD4C57-0312-4E99-A961-7C67B3F78B41}.Release|x86.ActiveCfg = Release|iPhone
		{C3CD4C57-0312-4E99-A961-7C67B3F78B41}.Release|x86.Build.0 = Release|iPhone
		{C3CD4C57-0312-4E99-A961-7C67B3F78B41}.Release|x86.Deploy.0 = Release|iPhone
		{44CE751E-8BD0-4C74-9CEF-B06E11DD7B5D}.Ad-Hoc|Any CPU.ActiveCfg = Release|x86
		{44CE751E-8BD0-4C74-9CEF-B06E11DD7B5D}.Ad-Hoc|Any CPU.Build.0 = Release|x86
		{44CE751E-8BD0-4C74-9CEF-B06E11DD7B5D}.Ad-Hoc|Any CPU.Deploy.0 = Release|x86
		{44CE751E-8BD0-4C74-9CEF-B06E11DD7B5D}.Ad-Hoc|ARM.ActiveCfg = Release|ARM
		{44CE751E-8BD0-4C74-9CEF-B06E11DD7B5D}.Ad-Hoc|ARM.Build.0 = Release|ARM
		{44CE751E-8BD0-4C74-9CEF-B06E11DD7B5D}.Ad-Hoc|ARM.Deploy.0 = Release|ARM
		{44CE751E-8BD0-4C74-9CEF-B06E11DD7B5D}.Ad-Hoc|iPhone.ActiveCfg = Release|x86
		{44CE751E-8BD0-4C74-9CEF-B06E11DD7B5D}.Ad-Hoc|iPhone.Build.0 = Release|x86
		{44CE751E-8BD0-4C74-9CEF-B06E11DD7B5D}.Ad-Hoc|iPhone.Deploy.0 = Release|x86
		{44CE751E-8BD0-4C74-9CEF-B06E11DD7B5D}.Ad-Hoc|iPhoneSimulator.ActiveCfg = Release|x86
		{44CE751E-8BD0-4C74-9CEF-B06E11DD7B5D}.Ad-Hoc|iPhoneSimulator.Build.0 = Release|x86
		{44CE751E-8BD0-4C74-9CEF-B06E11DD7B5D}.Ad-Hoc|iPhoneSimulator.Deploy.0 = Release|x86
		{44CE751E-8BD0-4C74-9CEF-B06E11DD7B5D}.Ad-Hoc|x64.ActiveCfg = Release|x64
		{44CE751E-8BD0-4C74-9CEF-B06E11DD7B5D}.Ad-Hoc|x64.Build.0 = Release|x64
		{44CE751E-8BD0-4C74-9CEF-B06E11DD7B5D}.Ad-Hoc|x64.Deploy.0 = Release|x64
		{44CE751E-8BD0-4C74-9CEF-B06E11DD7B5D}.Ad-Hoc|x86.ActiveCfg = Release|x86
		{44CE751E-8BD0-4C74-9CEF-B06E11DD7B5D}.Ad-Hoc|x86.Build.0 = Release|x86
		{44CE751E-8BD0-4C74-9CEF-B06E11DD7B5D}.Ad-Hoc|x86.Deploy.0 = Release|x86
		{44CE751E-8BD0-4C74-9CEF-B06E11DD7B5D}.AppStore|Any CPU.ActiveCfg = Release|x86
		{44CE751E-8BD0-4C74-9CEF-B06E11DD7B5D}.AppStore|Any CPU.Build.0 = Release|x86
		{44CE751E-8BD0-4C74-9CEF-B06E11DD7B5D}.AppStore|Any CPU.Deploy.0 = Release|x86
		{44CE751E-8BD0-4C74-9CEF-B06E11DD7B5D}.AppStore|ARM.ActiveCfg = Release|ARM
		{44CE751E-8BD0-4C74-9CEF-B06E11DD7B5D}.AppStore|ARM.Build.0 = Release|ARM
		{44CE751E-8BD0-4C74-9CEF-B06E11DD7B5D}.AppStore|ARM.Deploy.0 = Release|ARM
		{44CE751E-8BD0-4C74-9CEF-B06E11DD7B5D}.AppStore|iPhone.ActiveCfg = Release|x86
		{44CE751E-8BD0-4C74-9CEF-B06E11DD7B5D}.AppStore|iPhone.Build.0 = Release|x86
		{44CE751E-8BD0-4C74-9CEF-B06E11DD7B5D}.AppStore|iPhone.Deploy.0 = Release|x86
		{44CE751E-8BD0-4C74-9CEF-B06E11DD7B5D}.AppStore|iPhoneSimulator.ActiveCfg = Release|x86
		{44CE751E-8BD0-4C74-9CEF-B06E11DD7B5D}.AppStore|iPhoneSimulator.Build.0 = Release|x86
		{44CE751E-8BD0-4C74-9CEF-B06E11DD7B5D}.AppStore|iPhoneSimulator.Deploy.0 = Release|x86
		{44CE751E-8BD0-4C74-9CEF-B06E11DD7B5D}.AppStore|x64.ActiveCfg = Release|x64
		{44CE751E-8BD0-4C74-9CEF-B06E11DD7B5D}.AppStore|x64.Build.0 = Release|x64
		{44CE751E-8BD0-4C74-9CEF-B06E11DD7B5D}.AppStore|x64.Deploy.0 = Release|x64
		{44CE751E-8BD0-4C74-9CEF-B06E11DD7B5D}.AppStore|x86.ActiveCfg = Release|x86
		{44CE751E-8BD0-4C74-9CEF-B06E11DD7B5D}.AppStore|x86.Build.0 = Release|x86
		{44CE751E-8BD0-4C74-9CEF-B06E11DD7B5D}.AppStore|x86.Deploy.0 = Release|x86
		{44CE751E-8BD0-4C74-9CEF-B06E11DD7B5D}.Debug|Any CPU.ActiveCfg = Debug|x86
		{44CE751E-8BD0-4C74-9CEF-B06E11DD7B5D}.Debug|ARM.ActiveCfg = Debug|ARM
		{44CE751E-8BD0-4C74-9CEF-B06E11DD7B5D}.Debug|ARM.Build.0 = Debug|ARM
		{44CE751E-8BD0-4C74-9CEF-B06E11DD7B5D}.Debug|ARM.Deploy.0 = Debug|ARM
		{44CE751E-8BD0-4C74-9CEF-B06E11DD7B5D}.Debug|iPhone.ActiveCfg = Debug|x86
		{44CE751E-8BD0-4C74-9CEF-B06E11DD7B5D}.Debug|iPhoneSimulator.ActiveCfg = Debug|x86
		{44CE751E-8BD0-4C74-9CEF-B06E11DD7B5D}.Debug|x64.ActiveCfg = Debug|x64
		{44CE751E-8BD0-4C74-9CEF-B06E11DD7B5D}.Debug|x64.Build.0 = Debug|x64
		{44CE751E-8BD0-4C74-9CEF-B06E11DD7B5D}.Debug|x64.Deploy.0 = Debug|x64
		{44CE751E-8BD0-4C74-9CEF-B06E11DD7B5D}.Debug|x86.ActiveCfg = Debug|x86
		{44CE751E-8BD0-4C74-9CEF-B06E11DD7B5D}.Debug|x86.Build.0 = Debug|x86
		{44CE751E-8BD0-4C74-9CEF-B06E11DD7B5D}.Debug|x86.Deploy.0 = Debug|x86
		{44CE751E-8BD0-4C74-9CEF-B06E11DD7B5D}.Release|Any CPU.ActiveCfg = Release|x86
		{44CE751E-8BD0-4C74-9CEF-B06E11DD7B5D}.Release|ARM.ActiveCfg = Release|ARM
		{44CE751E-8BD0-4C74-9CEF-B06E11DD7B5D}.Release|ARM.Build.0 = Release|ARM
		{44CE751E-8BD0-4C74-9CEF-B06E11DD7B5D}.Release|ARM.Deploy.0 = Release|ARM
		{44CE751E-8BD0-4C74-9CEF-B06E11DD7B5D}.Release|iPhone.ActiveCfg = Release|x86
		{44CE751E-8BD0-4C74-9CEF-B06E11DD7B5D}.Release|iPhoneSimulator.ActiveCfg = Release|x86
		{44CE751E-8BD0-4C74-9CEF-B06E11DD7B5D}.Release|x64.ActiveCfg = Release|x64
		{44CE751E-8BD0-4C74-9CEF-B06E11DD7B5D}.Release|x64.Build.0 = Release|x64
		{44CE751E-8BD0-4C74-9CEF-B06E11DD7B5D}.Release|x64.Deploy.0 = Release|x64
		{44CE751E-8BD0-4C74-9CEF-B06E11DD7B5D}.Release|x86.ActiveCfg = Release|x86
		{44CE751E-8BD0-4C74-9CEF-B06E11DD7B5D}.Release|x86.Build.0 = Release|x86
		{44CE751E-8BD0-4C74-9CEF-B06E11DD7B5D}.Release|x86.Deploy.0 = Release|x86
		{E858F093-7AEC-4791-BEC3-F1DC79027F06}.Ad-Hoc|Any CPU.ActiveCfg = Debug|Any CPU
		{E858F093-7AEC-4791-BEC3-F1DC79027F06}.Ad-Hoc|Any CPU.Build.0 = Debug|Any CPU
		{E858F093-7AEC-4791-BEC3-F1DC79027F06}.Ad-Hoc|Any CPU.Deploy.0 = Debug|Any CPU
		{E858F093-7AEC-4791-BEC3-F1DC79027F06}.Ad-Hoc|ARM.ActiveCfg = Debug|Any CPU
		{E858F093-7AEC-4791-BEC3-F1DC79027F06}.Ad-Hoc|ARM.Build.0 = Debug|Any CPU
		{E858F093-7AEC-4791-BEC3-F1DC79027F06}.Ad-Hoc|ARM.Deploy.0 = Debug|Any CPU
		{E858F093-7AEC-4791-BEC3-F1DC79027F06}.Ad-Hoc|iPhone.ActiveCfg = Debug|Any CPU
		{E858F093-7AEC-4791-BEC3-F1DC79027F06}.Ad-Hoc|iPhone.Build.0 = Debug|Any CPU
		{E858F093-7AEC-4791-BEC3-F1DC79027F06}.Ad-Hoc|iPhone.Deploy.0 = Debug|Any CPU
		{E858F093-7AEC-4791-BEC3-F1DC79027F06}.Ad-Hoc|iPhoneSimulator.ActiveCfg = Debug|Any CPU
		{E858F093-7AEC-4791-BEC3-F1DC79027F06}.Ad-Hoc|iPhoneSimulator.Build.0 = Debug|Any CPU
		{E858F093-7AEC-4791-BEC3-F1DC79027F06}.Ad-Hoc|iPhoneSimulator.Deploy.0 = Debug|Any CPU
		{E858F093-7AEC-4791-BEC3-F1DC79027F06}.Ad-Hoc|x64.ActiveCfg = Debug|Any CPU
		{E858F093-7AEC-4791-BEC3-F1DC79027F06}.Ad-Hoc|x64.Build.0 = Debug|Any CPU
		{E858F093-7AEC-4791-BEC3-F1DC79027F06}.Ad-Hoc|x64.Deploy.0 = Debug|Any CPU
		{E858F093-7AEC-4791-BEC3-F1DC79027F06}.Ad-Hoc|x86.ActiveCfg = Debug|Any CPU
		{E858F093-7AEC-4791-BEC3-F1DC79027F06}.Ad-Hoc|x86.Build.0 = Debug|Any CPU
		{E858F093-7AEC-4791-BEC3-F1DC79027F06}.Ad-Hoc|x86.Deploy.0 = Debug|Any CPU
		{E858F093-7AEC-4791-BEC3-F1DC79027F06}.AppStore|Any CPU.ActiveCfg = Debug|Any CPU
		{E858F093-7AEC-4791-BEC3-F1DC79027F06}.AppStore|Any CPU.Build.0 = Debug|Any CPU
		{E858F093-7AEC-4791-BEC3-F1DC79027F06}.AppStore|Any CPU.Deploy.0 = Debug|Any CPU
		{E858F093-7AEC-4791-BEC3-F1DC79027F06}.AppStore|ARM.ActiveCfg = Debug|Any CPU
		{E858F093-7AEC-4791-BEC3-F1DC79027F06}.AppStore|ARM.Build.0 = Debug|Any CPU
		{E858F093-7AEC-4791-BEC3-F1DC79027F06}.AppStore|ARM.Deploy.0 = Debug|Any CPU
		{E858F093-7AEC-4791-BEC3-F1DC79027F06}.AppStore|iPhone.ActiveCfg = Debug|Any CPU
		{E858F093-7AEC-4791-BEC3-F1DC79027F06}.AppStore|iPhone.Build.0 = Debug|Any CPU
		{E858F093-7AEC-4791-BEC3-F1DC79027F06}.AppStore|iPhone.Deploy.0 = Debug|Any CPU
		{E858F093-7AEC-4791-BEC3-F1DC79027F06}.AppStore|iPhoneSimulator.ActiveCfg = Debug|Any CPU
		{E858F093-7AEC-4791-BEC3-F1DC79027F06}.AppStore|iPhoneSimulator.Build.0 = Debug|Any CPU
		{E858F093-7AEC-4791-BEC3-F1DC79027F06}.AppStore|iPhoneSimulator.Deploy.0 = Debug|Any CPU
		{E858F093-7AEC-4791-BEC3-F1DC79027F06}.AppStore|x64.ActiveCfg = Debug|Any CPU
		{E858F093-7AEC-4791-BEC3-F1DC79027F06}.AppStore|x64.Build.0 = Debug|Any CPU
		{E858F093-7AEC-4791-BEC3-F1DC79027F06}.AppStore|x64.Deploy.0 = Debug|Any CPU
		{E858F093-7AEC-4791-BEC3-F1DC79027F06}.AppStore|x86.ActiveCfg = Debug|Any CPU
		{E858F093-7AEC-4791-BEC3-F1DC79027F06}.AppStore|x86.Build.0 = Debug|Any CPU
		{E858F093-7AEC-4791-BEC3-F1DC79027F06}.AppStore|x86.Deploy.0 = Debug|Any CPU
		{E858F093-7AEC-4791-BEC3-F1DC79027F06}.Debug|Any CPU.ActiveCfg = Debug|Any CPU
		{E858F093-7AEC-4791-BEC3-F1DC79027F06}.Debug|Any CPU.Build.0 = Debug|Any CPU
		{E858F093-7AEC-4791-BEC3-F1DC79027F06}.Debug|Any CPU.Deploy.0 = Debug|Any CPU
		{E858F093-7AEC-4791-BEC3-F1DC79027F06}.Debug|ARM.ActiveCfg = Debug|Any CPU
		{E858F093-7AEC-4791-BEC3-F1DC79027F06}.Debug|ARM.Build.0 = Debug|Any CPU
		{E858F093-7AEC-4791-BEC3-F1DC79027F06}.Debug|ARM.Deploy.0 = Debug|Any CPU
		{E858F093-7AEC-4791-BEC3-F1DC79027F06}.Debug|iPhone.ActiveCfg = Debug|Any CPU
		{E858F093-7AEC-4791-BEC3-F1DC79027F06}.Debug|iPhone.Build.0 = Debug|Any CPU
		{E858F093-7AEC-4791-BEC3-F1DC79027F06}.Debug|iPhone.Deploy.0 = Debug|Any CPU
		{E858F093-7AEC-4791-BEC3-F1DC79027F06}.Debug|iPhoneSimulator.ActiveCfg = Debug|Any CPU
		{E858F093-7AEC-4791-BEC3-F1DC79027F06}.Debug|iPhoneSimulator.Build.0 = Debug|Any CPU
		{E858F093-7AEC-4791-BEC3-F1DC79027F06}.Debug|iPhoneSimulator.Deploy.0 = Debug|Any CPU
		{E858F093-7AEC-4791-BEC3-F1DC79027F06}.Debug|x64.ActiveCfg = Debug|Any CPU
		{E858F093-7AEC-4791-BEC3-F1DC79027F06}.Debug|x64.Build.0 = Debug|Any CPU
		{E858F093-7AEC-4791-BEC3-F1DC79027F06}.Debug|x64.Deploy.0 = Debug|Any CPU
		{E858F093-7AEC-4791-BEC3-F1DC79027F06}.Debug|x86.ActiveCfg = Debug|Any CPU
		{E858F093-7AEC-4791-BEC3-F1DC79027F06}.Debug|x86.Build.0 = Debug|Any CPU
		{E858F093-7AEC-4791-BEC3-F1DC79027F06}.Debug|x86.Deploy.0 = Debug|Any CPU
		{E858F093-7AEC-4791-BEC3-F1DC79027F06}.Release|Any CPU.ActiveCfg = Release|Any CPU
		{E858F093-7AEC-4791-BEC3-F1DC79027F06}.Release|Any CPU.Build.0 = Release|Any CPU
		{E858F093-7AEC-4791-BEC3-F1DC79027F06}.Release|Any CPU.Deploy.0 = Release|Any CPU
		{E858F093-7AEC-4791-BEC3-F1DC79027F06}.Release|ARM.ActiveCfg = Release|Any CPU
		{E858F093-7AEC-4791-BEC3-F1DC79027F06}.Release|ARM.Build.0 = Release|Any CPU
		{E858F093-7AEC-4791-BEC3-F1DC79027F06}.Release|ARM.Deploy.0 = Release|Any CPU
		{E858F093-7AEC-4791-BEC3-F1DC79027F06}.Release|iPhone.ActiveCfg = Release|Any CPU
		{E858F093-7AEC-4791-BEC3-F1DC79027F06}.Release|iPhone.Build.0 = Release|Any CPU
		{E858F093-7AEC-4791-BEC3-F1DC79027F06}.Release|iPhone.Deploy.0 = Release|Any CPU
		{E858F093-7AEC-4791-BEC3-F1DC79027F06}.Release|iPhoneSimulator.ActiveCfg = Release|Any CPU
		{E858F093-7AEC-4791-BEC3-F1DC79027F06}.Release|iPhoneSimulator.Build.0 = Release|Any CPU
		{E858F093-7AEC-4791-BEC3-F1DC79027F06}.Release|iPhoneSimulator.Deploy.0 = Release|Any CPU
		{E858F093-7AEC-4791-BEC3-F1DC79027F06}.Release|x64.ActiveCfg = Release|Any CPU
		{E858F093-7AEC-4791-BEC3-F1DC79027F06}.Release|x64.Build.0 = Release|Any CPU
		{E858F093-7AEC-4791-BEC3-F1DC79027F06}.Release|x64.Deploy.0 = Release|Any CPU
		{E858F093-7AEC-4791-BEC3-F1DC79027F06}.Release|x86.ActiveCfg = Release|Any CPU
		{E858F093-7AEC-4791-BEC3-F1DC79027F06}.Release|x86.Build.0 = Release|Any CPU
		{E858F093-7AEC-4791-BEC3-F1DC79027F06}.Release|x86.Deploy.0 = Release|Any CPU
	EndGlobalSection
	GlobalSection(SolutionProperties) = preSolution
		HideSolutionNode = FALSE
	EndGlobalSection
	GlobalSection(ExtensibilityGlobals) = postSolution
		SolutionGuid = {7D8C39D9-EFC7-4DC8-8015-ABFCD5D464B7}
	EndGlobalSection
EndGlobal
